
Microsoft Visual Studio Solution File, Format Version 12.00
# Visual Studio Version 17
VisualStudioVersion = 17.1.32407.343
MinimumVisualStudioVersion = 10.0.40219.1
Project("{FAE04EC0-301F-11D3-BF4B-00C04F79EFBC}") = "Array", "Array\Array.csproj", "{3ECE3603-5C08-40DC-A495-1A53C6841CF6}"
EndProject
Global
	GlobalSection(SolutionConfigurationPlatforms) = preSolution
		Debug|Any CPU = Debug|Any CPU
		Release|Any CPU = Release|Any CPU
	EndGlobalSection
	GlobalSection(ProjectConfigurationPlatforms) = postSolution
		{3ECE3603-5C08-40DC-A495-1A53C6841CF6}.Debug|Any CPU.ActiveCfg = Debug|Any CPU
		{3ECE3603-5C08-40DC-A495-1A53C6841CF6}.Debug|Any CPU.Build.0 = Debug|Any CPU
		{3ECE3603-5C08-40DC-A495-1A53C6841CF6}.Release|Any CPU.ActiveCfg = Release|Any CPU
		{3ECE3603-5C08-40DC-A495-1A53C6841CF6}.Release|Any CPU.Build.0 = Release|Any CPU
	EndGlobalSection
	GlobalSection(SolutionProperties) = preSolution
		HideSolutionNode = FALSE
	EndGlobalSection
	GlobalSection(ExtensibilityGlobals) = postSolution
		SolutionGuid = {4C97E8E3-FF19-496A-B1CF-D0B1B7193B55}
	EndGlobalSection
EndGlobal
