
Microsoft Visual Studio Solution File, Format Version 12.00
# Visual Studio Version 17
VisualStudioVersion = 17.1.32407.343
MinimumVisualStudioVersion = 10.0.40219.1
Project("{FAE04EC0-301F-11D3-BF4B-00C04F79EFBC}") = "FoodCourtManagementSystem", "FoodCourtManagementSystem\FoodCourtManagementSystem.csproj", "{BFB120D0-43D4-4173-B984-DE8C3D547B06}"
EndProject
Global
	GlobalSection(SolutionConfigurationPlatforms) = preSolution
		Debug|Any CPU = Debug|Any CPU
		Release|Any CPU = Release|Any CPU
	EndGlobalSection
	GlobalSection(ProjectConfigurationPlatforms) = postSolution
		{BFB120D0-43D4-4173-B984-DE8C3D547B06}.Debug|Any CPU.ActiveCfg = Debug|Any CPU
		{BFB120D0-43D4-4173-B984-DE8C3D547B06}.Debug|Any CPU.Build.0 = Debug|Any CPU
		{BFB120D0-43D4-4173-B984-DE8C3D547B06}.Release|Any CPU.ActiveCfg = Release|Any CPU
		{BFB120D0-43D4-4173-B984-DE8C3D547B06}.Release|Any CPU.Build.0 = Release|Any CPU
	EndGlobalSection
	GlobalSection(SolutionProperties) = preSolution
		HideSolutionNode = FALSE
	EndGlobalSection
	GlobalSection(ExtensibilityGlobals) = postSolution
		SolutionGuid = {2C7733BA-5AC9-47D9-825F-466197D4E7D7}
	EndGlobalSection
EndGlobal
