
Microsoft Visual Studio Solution File, Format Version 12.00
# Visual Studio Version 17
VisualStudioVersion = 17.1.32407.343
MinimumVisualStudioVersion = 10.0.40219.1
Project("{FAE04EC0-301F-11D3-BF4B-00C04F79EFBC}") = "Linqdemo", "Linqdemo\Linqdemo.csproj", "{950A6F29-A029-4C4A-B631-D6FED3A33BC8}"
EndProject
Global
	GlobalSection(SolutionConfigurationPlatforms) = preSolution
		Debug|Any CPU = Debug|Any CPU
		Release|Any CPU = Release|Any CPU
	EndGlobalSection
	GlobalSection(ProjectConfigurationPlatforms) = postSolution
		{950A6F29-A029-4C4A-B631-D6FED3A33BC8}.Debug|Any CPU.ActiveCfg = Debug|Any CPU
		{950A6F29-A029-4C4A-B631-D6FED3A33BC8}.Debug|Any CPU.Build.0 = Debug|Any CPU
		{950A6F29-A029-4C4A-B631-D6FED3A33BC8}.Release|Any CPU.ActiveCfg = Release|Any CPU
		{950A6F29-A029-4C4A-B631-D6FED3A33BC8}.Release|Any CPU.Build.0 = Release|Any CPU
	EndGlobalSection
	GlobalSection(SolutionProperties) = preSolution
		HideSolutionNode = FALSE
	EndGlobalSection
	GlobalSection(ExtensibilityGlobals) = postSolution
		SolutionGuid = {D0CB7FD0-3763-4816-B3A9-928119A35771}
	EndGlobalSection
EndGlobal
